
Microsoft Visual Studio Solution File, Format Version 12.00
# Visual Studio Version 17
VisualStudioVersion = 17.8.34525.116
MinimumVisualStudioVersion = 10.0.40219.1
Project("{FAE04EC0-301F-11D3-BF4B-00C04F79EFBC}") = "GuestBookAjax", "GuestBookAjax\GuestBookAjax.csproj", "{D8469AFC-29A2-47C8-96FA-D6E785FE9CD3}"
EndProject
Global
	GlobalSection(SolutionConfigurationPlatforms) = preSolution
		Debug|Any CPU = Debug|Any CPU
		Release|Any CPU = Release|Any CPU
	EndGlobalSection
	GlobalSection(ProjectConfigurationPlatforms) = postSolution
		{D8469AFC-29A2-47C8-96FA-D6E785FE9CD3}.Debug|Any CPU.ActiveCfg = Debug|Any CPU
		{D8469AFC-29A2-47C8-96FA-D6E785FE9CD3}.Debug|Any CPU.Build.0 = Debug|Any CPU
		{D8469AFC-29A2-47C8-96FA-D6E785FE9CD3}.Release|Any CPU.ActiveCfg = Release|Any CPU
		{D8469AFC-29A2-47C8-96FA-D6E785FE9CD3}.Release|Any CPU.Build.0 = Release|Any CPU
	EndGlobalSection
	GlobalSection(SolutionProperties) = preSolution
		HideSolutionNode = FALSE
	EndGlobalSection
	GlobalSection(ExtensibilityGlobals) = postSolution
		SolutionGuid = {1281BB1A-D70C-4A02-8106-6EA93CFA12B4}
	EndGlobalSection
EndGlobal
