
Microsoft Visual Studio Solution File, Format Version 12.00
# Visual Studio Version 17
VisualStudioVersion = 17.8.34525.116
MinimumVisualStudioVersion = 10.0.40219.1
Project("{FAE04EC0-301F-11D3-BF4B-00C04F79EFBC}") = "01 HW 01.04.2024 WeatherWebsite", "01 HW 01.04.2024 WeatherWebsite\01 HW 01.04.2024 WeatherWebsite.csproj", "{885AF15D-9516-4B19-AAB9-F2654AD3893D}"
EndProject
Global
	GlobalSection(SolutionConfigurationPlatforms) = preSolution
		Debug|Any CPU = Debug|Any CPU
		Release|Any CPU = Release|Any CPU
	EndGlobalSection
	GlobalSection(ProjectConfigurationPlatforms) = postSolution
		{885AF15D-9516-4B19-AAB9-F2654AD3893D}.Debug|Any CPU.ActiveCfg = Debug|Any CPU
		{885AF15D-9516-4B19-AAB9-F2654AD3893D}.Debug|Any CPU.Build.0 = Debug|Any CPU
		{885AF15D-9516-4B19-AAB9-F2654AD3893D}.Release|Any CPU.ActiveCfg = Release|Any CPU
		{885AF15D-9516-4B19-AAB9-F2654AD3893D}.Release|Any CPU.Build.0 = Release|Any CPU
	EndGlobalSection
	GlobalSection(SolutionProperties) = preSolution
		HideSolutionNode = FALSE
	EndGlobalSection
	GlobalSection(ExtensibilityGlobals) = postSolution
		SolutionGuid = {A5C1EBA3-E7A9-4ED3-8374-50ADDE092379}
	EndGlobalSection
EndGlobal
